{
    "_meta": {
        "hash": {
            "sha256": "bd8f18fff16be154c953e8299670b9318283f871cc6535947d7afadb1d930620"
        },
        "pipfile-spec": 6,
        "requires": {
            "python_version": "3.7"
        },
        "sources": [
            {
                "name": "pypi",
                "url": "https://pypi.python.org/simple",
                "verify_ssl": true
            }
        ]
    },
    "default": {
        "pyswisseph": {
            "hashes": [
                "sha256:7b47f54a61ac17863a4d9e75269e53e09ad525780ac731eed6923415caa725cc"
            ],
            "index": "pypi",
            "version": "==2.0.0.post2"
        }
    },
    "develop": {}
}
